
Microsoft Visual Studio Solution File, Format Version 12.00
# Visual Studio Version 16
VisualStudioVersion = 16.0.28803.156
MinimumVisualStudioVersion = 10.0.40219.1
Project("{FAE04EC0-301F-11D3-BF4B-00C04F79EFBC}") = "CleanArchitecture.Core", "CleanArchitectureDemo\src\CleanArchitecture.Core\CleanArchitecture.Core.csproj", "{5C5D69A9-1C14-4A89-8D4E-79018B04EBC1}"
EndProject
Project("{FAE04EC0-301F-11D3-BF4B-00C04F79EFBC}") = "CleanArchitecture.Infrastructure", "CleanArchitectureDemo\src\CleanArchitecture.Infrastructure\CleanArchitecture.Infrastructure.csproj", "{2A0FB73D-ACDD-461F-B32E-8DE14C74F179}"
EndProject
Project("{FAE04EC0-301F-11D3-BF4B-00C04F79EFBC}") = "CleanArchitecture.Web", "CleanArchitectureDemo\src\CleanArchitecture.Web\CleanArchitecture.Web.csproj", "{D33FED41-8EFA-4671-AB04-CF4A38745238}"
EndProject
Project("{FAE04EC0-301F-11D3-BF4B-00C04F79EFBC}") = "CleanArchitecture.Tests", "CleanArchitectureDemo\tests\CleanArchitecture.Tests\CleanArchitecture.Tests.csproj", "{598393B4-5211-44FF-87D5-B5C5DBF97BB3}"
EndProject
Global
	GlobalSection(SolutionConfigurationPlatforms) = preSolution
		Debug|Any CPU = Debug|Any CPU
		Release|Any CPU = Release|Any CPU
	EndGlobalSection
	GlobalSection(ProjectConfigurationPlatforms) = postSolution
		{5C5D69A9-1C14-4A89-8D4E-79018B04EBC1}.Debug|Any CPU.ActiveCfg = Debug|Any CPU
		{5C5D69A9-1C14-4A89-8D4E-79018B04EBC1}.Debug|Any CPU.Build.0 = Debug|Any CPU
		{5C5D69A9-1C14-4A89-8D4E-79018B04EBC1}.Release|Any CPU.ActiveCfg = Release|Any CPU
		{5C5D69A9-1C14-4A89-8D4E-79018B04EBC1}.Release|Any CPU.Build.0 = Release|Any CPU
		{2A0FB73D-ACDD-461F-B32E-8DE14C74F179}.Debug|Any CPU.ActiveCfg = Debug|Any CPU
		{2A0FB73D-ACDD-461F-B32E-8DE14C74F179}.Debug|Any CPU.Build.0 = Debug|Any CPU
		{2A0FB73D-ACDD-461F-B32E-8DE14C74F179}.Release|Any CPU.ActiveCfg = Release|Any CPU
		{2A0FB73D-ACDD-461F-B32E-8DE14C74F179}.Release|Any CPU.Build.0 = Release|Any CPU
		{D33FED41-8EFA-4671-AB04-CF4A38745238}.Debug|Any CPU.ActiveCfg = Debug|Any CPU
		{D33FED41-8EFA-4671-AB04-CF4A38745238}.Debug|Any CPU.Build.0 = Debug|Any CPU
		{D33FED41-8EFA-4671-AB04-CF4A38745238}.Release|Any CPU.ActiveCfg = Release|Any CPU
		{D33FED41-8EFA-4671-AB04-CF4A38745238}.Release|Any CPU.Build.0 = Release|Any CPU
		{598393B4-5211-44FF-87D5-B5C5DBF97BB3}.Debug|Any CPU.ActiveCfg = Debug|Any CPU
		{598393B4-5211-44FF-87D5-B5C5DBF97BB3}.Debug|Any CPU.Build.0 = Debug|Any CPU
		{598393B4-5211-44FF-87D5-B5C5DBF97BB3}.Release|Any CPU.ActiveCfg = Release|Any CPU
		{598393B4-5211-44FF-87D5-B5C5DBF97BB3}.Release|Any CPU.Build.0 = Release|Any CPU
	EndGlobalSection
	GlobalSection(SolutionProperties) = preSolution
		HideSolutionNode = FALSE
	EndGlobalSection
	GlobalSection(ExtensibilityGlobals) = postSolution
		SolutionGuid = {E3A7325D-AE6C-482B-8F63-FF9EF4FE95C8}
	EndGlobalSection
EndGlobal
